
Microsoft Visual Studio Solution File, Format Version 10.00
# Visual Studio 2008
Project("{2150E333-8FDC-42A3-9474-1A3956D46DE8}") = "Property Sheets", "Property Sheets", "{94DF268A-7FEC-43E0-9121-318375D45F70}"
	ProjectSection(SolutionItems) = preProject
		..\bn.vsprops = ..\bn.vsprops
		..\mp.vsprops = ..\mp.vsprops
		..\talas-nadir.vsprops = ..\talas-nadir.vsprops
		talas-vcversion.vsprops = talas-vcversion.vsprops
		..\talas.vsprops = ..\talas.vsprops
	EndProjectSection
EndProject
Project("{2150E333-8FDC-42A3-9474-1A3956D46DE8}") = "app", "app", "{F523BB15-F731-4EAA-9D7A-0F2652C02C42}"
EndProject
Project("{2150E333-8FDC-42A3-9474-1A3956D46DE8}") = "lib", "lib", "{0909DC0E-8C23-496B-88CD-7FD6CA2D2D7D}"
EndProject
Project("{8BC9CEB8-8B4A-11D0-8D11-00A0C91BC942}") = "libtalas", "libtalas\libtalas.vcproj", "{10162E35-04C9-4F79-8DA7-8D7D365F7C11}"
EndProject
Project("{8BC9CEB8-8B4A-11D0-8D11-00A0C91BC942}") = "talas", "talas\talas.vcproj", "{66096F43-F822-442E-9E5D-7D98BBD7FF8F}"
	ProjectSection(ProjectDependencies) = postProject
		{10162E35-04C9-4F79-8DA7-8D7D365F7C11} = {10162E35-04C9-4F79-8DA7-8D7D365F7C11}
	EndProjectSection
EndProject
Project("{8BC9CEB8-8B4A-11D0-8D11-00A0C91BC942}") = "libbn", "libbn\libbn.vcproj", "{723F20B5-28F1-4481-90BC-3FADD26D24A8}"
EndProject
Project("{8BC9CEB8-8B4A-11D0-8D11-00A0C91BC942}") = "libmpn", "libmpn\libmpn.vcproj", "{45989CDC-88E8-4244-846D-EA07E417A494}"
EndProject
Project("{8BC9CEB8-8B4A-11D0-8D11-00A0C91BC942}") = "libmpz", "libmpz\libmpz.vcproj", "{C276443A-EA8F-4C88-BA83-2B664B37AD1D}"
EndProject
Project("{8BC9CEB8-8B4A-11D0-8D11-00A0C91BC942}") = "libmp", "libmp\libmp.vcproj", "{FFD15106-0C79-4BB1-97A6-DDC0DF4BC7DA}"
EndProject
Global
	GlobalSection(SolutionConfigurationPlatforms) = preSolution
		Debug|Win32 = Debug|Win32
		Debug|x64 = Debug|x64
		Release|Win32 = Release|Win32
		Release|x64 = Release|x64
	EndGlobalSection
	GlobalSection(ProjectConfigurationPlatforms) = postSolution
		{10162E35-04C9-4F79-8DA7-8D7D365F7C11}.Debug|Win32.ActiveCfg = Debug|Win32
		{10162E35-04C9-4F79-8DA7-8D7D365F7C11}.Debug|Win32.Build.0 = Debug|Win32
		{10162E35-04C9-4F79-8DA7-8D7D365F7C11}.Debug|x64.ActiveCfg = Debug|x64
		{10162E35-04C9-4F79-8DA7-8D7D365F7C11}.Debug|x64.Build.0 = Debug|x64
		{10162E35-04C9-4F79-8DA7-8D7D365F7C11}.Release|Win32.ActiveCfg = Release|Win32
		{10162E35-04C9-4F79-8DA7-8D7D365F7C11}.Release|Win32.Build.0 = Release|Win32
		{10162E35-04C9-4F79-8DA7-8D7D365F7C11}.Release|x64.ActiveCfg = Release|x64
		{10162E35-04C9-4F79-8DA7-8D7D365F7C11}.Release|x64.Build.0 = Release|x64
		{66096F43-F822-442E-9E5D-7D98BBD7FF8F}.Debug|Win32.ActiveCfg = Debug|Win32
		{66096F43-F822-442E-9E5D-7D98BBD7FF8F}.Debug|Win32.Build.0 = Debug|Win32
		{66096F43-F822-442E-9E5D-7D98BBD7FF8F}.Debug|x64.ActiveCfg = Debug|x64
		{66096F43-F822-442E-9E5D-7D98BBD7FF8F}.Debug|x64.Build.0 = Debug|x64
		{66096F43-F822-442E-9E5D-7D98BBD7FF8F}.Release|Win32.ActiveCfg = Release|Win32
		{66096F43-F822-442E-9E5D-7D98BBD7FF8F}.Release|Win32.Build.0 = Release|Win32
		{66096F43-F822-442E-9E5D-7D98BBD7FF8F}.Release|x64.ActiveCfg = Release|Win32
		{723F20B5-28F1-4481-90BC-3FADD26D24A8}.Debug|Win32.ActiveCfg = Debug|Win32
		{723F20B5-28F1-4481-90BC-3FADD26D24A8}.Debug|Win32.Build.0 = Debug|Win32
		{723F20B5-28F1-4481-90BC-3FADD26D24A8}.Debug|x64.ActiveCfg = Debug|Win32
		{723F20B5-28F1-4481-90BC-3FADD26D24A8}.Release|Win32.ActiveCfg = Release|Win32
		{723F20B5-28F1-4481-90BC-3FADD26D24A8}.Release|Win32.Build.0 = Release|Win32
		{723F20B5-28F1-4481-90BC-3FADD26D24A8}.Release|x64.ActiveCfg = Release|Win32
		{45989CDC-88E8-4244-846D-EA07E417A494}.Debug|Win32.ActiveCfg = Debug|Win32
		{45989CDC-88E8-4244-846D-EA07E417A494}.Debug|Win32.Build.0 = Debug|Win32
		{45989CDC-88E8-4244-846D-EA07E417A494}.Debug|x64.ActiveCfg = Debug|Win32
		{45989CDC-88E8-4244-846D-EA07E417A494}.Release|Win32.ActiveCfg = Release|Win32
		{45989CDC-88E8-4244-846D-EA07E417A494}.Release|Win32.Build.0 = Release|Win32
		{45989CDC-88E8-4244-846D-EA07E417A494}.Release|x64.ActiveCfg = Release|Win32
		{C276443A-EA8F-4C88-BA83-2B664B37AD1D}.Debug|Win32.ActiveCfg = Debug|Win32
		{C276443A-EA8F-4C88-BA83-2B664B37AD1D}.Debug|Win32.Build.0 = Debug|Win32
		{C276443A-EA8F-4C88-BA83-2B664B37AD1D}.Debug|x64.ActiveCfg = Debug|Win32
		{C276443A-EA8F-4C88-BA83-2B664B37AD1D}.Release|Win32.ActiveCfg = Release|Win32
		{C276443A-EA8F-4C88-BA83-2B664B37AD1D}.Release|Win32.Build.0 = Release|Win32
		{C276443A-EA8F-4C88-BA83-2B664B37AD1D}.Release|x64.ActiveCfg = Release|Win32
		{FFD15106-0C79-4BB1-97A6-DDC0DF4BC7DA}.Debug|Win32.ActiveCfg = Debug|Win32
		{FFD15106-0C79-4BB1-97A6-DDC0DF4BC7DA}.Debug|Win32.Build.0 = Debug|Win32
		{FFD15106-0C79-4BB1-97A6-DDC0DF4BC7DA}.Debug|x64.ActiveCfg = Debug|Win32
		{FFD15106-0C79-4BB1-97A6-DDC0DF4BC7DA}.Release|Win32.ActiveCfg = Release|Win32
		{FFD15106-0C79-4BB1-97A6-DDC0DF4BC7DA}.Release|Win32.Build.0 = Release|Win32
		{FFD15106-0C79-4BB1-97A6-DDC0DF4BC7DA}.Release|x64.ActiveCfg = Release|Win32
	EndGlobalSection
	GlobalSection(SolutionProperties) = preSolution
		HideSolutionNode = FALSE
	EndGlobalSection
	GlobalSection(NestedProjects) = preSolution
		{66096F43-F822-442E-9E5D-7D98BBD7FF8F} = {F523BB15-F731-4EAA-9D7A-0F2652C02C42}
		{10162E35-04C9-4F79-8DA7-8D7D365F7C11} = {0909DC0E-8C23-496B-88CD-7FD6CA2D2D7D}
		{723F20B5-28F1-4481-90BC-3FADD26D24A8} = {0909DC0E-8C23-496B-88CD-7FD6CA2D2D7D}
		{45989CDC-88E8-4244-846D-EA07E417A494} = {0909DC0E-8C23-496B-88CD-7FD6CA2D2D7D}
		{C276443A-EA8F-4C88-BA83-2B664B37AD1D} = {0909DC0E-8C23-496B-88CD-7FD6CA2D2D7D}
		{FFD15106-0C79-4BB1-97A6-DDC0DF4BC7DA} = {0909DC0E-8C23-496B-88CD-7FD6CA2D2D7D}
	EndGlobalSection
EndGlobal
